
Microsoft Visual Studio Solution File, Format Version 12.00
# Visual Studio 2012
Project("{2150E333-8FDC-42A3-9474-1A3956D46DE8}") = "WCF", "WCF", "{9F6C209F-BDEE-4C52-AFFA-D991895A7627}"
EndProject
Project("{2150E333-8FDC-42A3-9474-1A3956D46DE8}") = "Client", "Client", "{038E1475-2E69-4DC9-9ABD-E943ECD5E81D}"
EndProject
Project("{FAE04EC0-301F-11D3-BF4B-00C04F79EFBC}") = "SCG.SINOStock.WCF", "SCG.SINOStock.WCF\SCG.SINOStock.WCF.csproj", "{C8CBCA70-D3D8-4B02-85CA-BCAD42F5DE84}"
EndProject
Project("{FAE04EC0-301F-11D3-BF4B-00C04F79EFBC}") = "SCG.SINOStock.Entities", "SCG.SINOStock.Entities\SCG.SINOStock.Entities.csproj", "{9CB4D167-C38E-446F-A8AB-EA481BDD454A}"
EndProject
Project("{FAE04EC0-301F-11D3-BF4B-00C04F79EFBC}") = "SCG.SINOStock", "SCG.SINOStock\SCG.SINOStock.csproj", "{751DF757-2637-4212-AEE4-617521B7EE00}"
EndProject
Project("{FAE04EC0-301F-11D3-BF4B-00C04F79EFBC}") = "SCG.SINOStock.ViewModels", "SCG.SINOStock.ViewModels\SCG.SINOStock.ViewModels.csproj", "{0D7DB653-C202-4564-9A23-7F4A351AC259}"
EndProject
Project("{FAE04EC0-301F-11D3-BF4B-00C04F79EFBC}") = "SCG.SINOStock.WCFService", "SCG.SINOStock.WCFService\SCG.SINOStock.WCFService.csproj", "{CAC22309-F8A1-4C16-91B9-2FD30BA057E4}"
	ProjectSection(ProjectDependencies) = postProject
		{C8CBCA70-D3D8-4B02-85CA-BCAD42F5DE84} = {C8CBCA70-D3D8-4B02-85CA-BCAD42F5DE84}
	EndProjectSection
EndProject
Project("{FAE04EC0-301F-11D3-BF4B-00C04F79EFBC}") = "SCG.SINOStock.Infrastructure", "SCG.SINOStock.Infrastructure\SCG.SINOStock.Infrastructure.csproj", "{B6851EBD-E13F-4822-B8E0-570F7DFBB641}"
EndProject
Project("{FAE04EC0-301F-11D3-BF4B-00C04F79EFBC}") = "SCG.SINOStock.Common", "SCG.SINOStock.Common\SCG.SINOStock.Common.csproj", "{D20391B9-D5BA-4A0E-9EC2-7C5563AB1357}"
EndProject
Project("{FAE04EC0-301F-11D3-BF4B-00C04F79EFBC}") = "SCG.SINOStock.ServiceRule", "SCG.SINOStock.ServiceRule\SCG.SINOStock.ServiceRule.csproj", "{247999BC-85DC-4DA1-BBD6-C4AB4067A0D3}"
EndProject
Project("{FAE04EC0-301F-11D3-BF4B-00C04F79EFBC}") = "SCG.SINOStock.Views", "SCG.SINOStock.Views\SCG.SINOStock.Views.csproj", "{8FB7844C-2C03-432A-8CB3-841DE9C2783A}"
EndProject
Global
	GlobalSection(SubversionScc) = preSolution
		Svn-Managed = True
		Manager = AnkhSVN - Subversion Support for Visual Studio
	EndGlobalSection
	GlobalSection(SolutionConfigurationPlatforms) = preSolution
		Debug|Any CPU = Debug|Any CPU
		Debug|x86 = Debug|x86
		Release|Any CPU = Release|Any CPU
		Release|x86 = Release|x86
	EndGlobalSection
	GlobalSection(ProjectConfigurationPlatforms) = postSolution
		{C8CBCA70-D3D8-4B02-85CA-BCAD42F5DE84}.Debug|Any CPU.ActiveCfg = Debug|Any CPU
		{C8CBCA70-D3D8-4B02-85CA-BCAD42F5DE84}.Debug|Any CPU.Build.0 = Debug|Any CPU
		{C8CBCA70-D3D8-4B02-85CA-BCAD42F5DE84}.Debug|x86.ActiveCfg = Debug|Any CPU
		{C8CBCA70-D3D8-4B02-85CA-BCAD42F5DE84}.Release|Any CPU.ActiveCfg = Release|Any CPU
		{C8CBCA70-D3D8-4B02-85CA-BCAD42F5DE84}.Release|Any CPU.Build.0 = Release|Any CPU
		{C8CBCA70-D3D8-4B02-85CA-BCAD42F5DE84}.Release|x86.ActiveCfg = Release|Any CPU
		{9CB4D167-C38E-446F-A8AB-EA481BDD454A}.Debug|Any CPU.ActiveCfg = Debug|Any CPU
		{9CB4D167-C38E-446F-A8AB-EA481BDD454A}.Debug|Any CPU.Build.0 = Debug|Any CPU
		{9CB4D167-C38E-446F-A8AB-EA481BDD454A}.Debug|x86.ActiveCfg = Debug|Any CPU
		{9CB4D167-C38E-446F-A8AB-EA481BDD454A}.Release|Any CPU.ActiveCfg = Release|Any CPU
		{9CB4D167-C38E-446F-A8AB-EA481BDD454A}.Release|Any CPU.Build.0 = Release|Any CPU
		{9CB4D167-C38E-446F-A8AB-EA481BDD454A}.Release|x86.ActiveCfg = Release|Any CPU
		{751DF757-2637-4212-AEE4-617521B7EE00}.Debug|Any CPU.ActiveCfg = Debug|Any CPU
		{751DF757-2637-4212-AEE4-617521B7EE00}.Debug|Any CPU.Build.0 = Debug|Any CPU
		{751DF757-2637-4212-AEE4-617521B7EE00}.Debug|x86.ActiveCfg = Debug|Any CPU
		{751DF757-2637-4212-AEE4-617521B7EE00}.Release|Any CPU.ActiveCfg = Release|Any CPU
		{751DF757-2637-4212-AEE4-617521B7EE00}.Release|Any CPU.Build.0 = Release|Any CPU
		{751DF757-2637-4212-AEE4-617521B7EE00}.Release|x86.ActiveCfg = Release|x86
		{751DF757-2637-4212-AEE4-617521B7EE00}.Release|x86.Build.0 = Release|x86
		{0D7DB653-C202-4564-9A23-7F4A351AC259}.Debug|Any CPU.ActiveCfg = Debug|Any CPU
		{0D7DB653-C202-4564-9A23-7F4A351AC259}.Debug|Any CPU.Build.0 = Debug|Any CPU
		{0D7DB653-C202-4564-9A23-7F4A351AC259}.Debug|x86.ActiveCfg = Debug|Any CPU
		{0D7DB653-C202-4564-9A23-7F4A351AC259}.Release|Any CPU.ActiveCfg = Release|Any CPU
		{0D7DB653-C202-4564-9A23-7F4A351AC259}.Release|Any CPU.Build.0 = Release|Any CPU
		{0D7DB653-C202-4564-9A23-7F4A351AC259}.Release|x86.ActiveCfg = Release|Any CPU
		{CAC22309-F8A1-4C16-91B9-2FD30BA057E4}.Debug|Any CPU.ActiveCfg = Debug|Any CPU
		{CAC22309-F8A1-4C16-91B9-2FD30BA057E4}.Debug|Any CPU.Build.0 = Debug|Any CPU
		{CAC22309-F8A1-4C16-91B9-2FD30BA057E4}.Debug|x86.ActiveCfg = Debug|Any CPU
		{CAC22309-F8A1-4C16-91B9-2FD30BA057E4}.Release|Any CPU.ActiveCfg = Release|Any CPU
		{CAC22309-F8A1-4C16-91B9-2FD30BA057E4}.Release|Any CPU.Build.0 = Release|Any CPU
		{CAC22309-F8A1-4C16-91B9-2FD30BA057E4}.Release|x86.ActiveCfg = Release|Any CPU
		{B6851EBD-E13F-4822-B8E0-570F7DFBB641}.Debug|Any CPU.ActiveCfg = Debug|Any CPU
		{B6851EBD-E13F-4822-B8E0-570F7DFBB641}.Debug|Any CPU.Build.0 = Debug|Any CPU
		{B6851EBD-E13F-4822-B8E0-570F7DFBB641}.Debug|x86.ActiveCfg = Debug|Any CPU
		{B6851EBD-E13F-4822-B8E0-570F7DFBB641}.Release|Any CPU.ActiveCfg = Release|Any CPU
		{B6851EBD-E13F-4822-B8E0-570F7DFBB641}.Release|Any CPU.Build.0 = Release|Any CPU
		{B6851EBD-E13F-4822-B8E0-570F7DFBB641}.Release|x86.ActiveCfg = Release|Any CPU
		{D20391B9-D5BA-4A0E-9EC2-7C5563AB1357}.Debug|Any CPU.ActiveCfg = Debug|Any CPU
		{D20391B9-D5BA-4A0E-9EC2-7C5563AB1357}.Debug|Any CPU.Build.0 = Debug|Any CPU
		{D20391B9-D5BA-4A0E-9EC2-7C5563AB1357}.Debug|x86.ActiveCfg = Debug|Any CPU
		{D20391B9-D5BA-4A0E-9EC2-7C5563AB1357}.Release|Any CPU.ActiveCfg = Release|Any CPU
		{D20391B9-D5BA-4A0E-9EC2-7C5563AB1357}.Release|Any CPU.Build.0 = Release|Any CPU
		{D20391B9-D5BA-4A0E-9EC2-7C5563AB1357}.Release|x86.ActiveCfg = Release|Any CPU
		{247999BC-85DC-4DA1-BBD6-C4AB4067A0D3}.Debug|Any CPU.ActiveCfg = Debug|Any CPU
		{247999BC-85DC-4DA1-BBD6-C4AB4067A0D3}.Debug|Any CPU.Build.0 = Debug|Any CPU
		{247999BC-85DC-4DA1-BBD6-C4AB4067A0D3}.Debug|x86.ActiveCfg = Debug|Any CPU
		{247999BC-85DC-4DA1-BBD6-C4AB4067A0D3}.Release|Any CPU.ActiveCfg = Release|Any CPU
		{247999BC-85DC-4DA1-BBD6-C4AB4067A0D3}.Release|Any CPU.Build.0 = Release|Any CPU
		{247999BC-85DC-4DA1-BBD6-C4AB4067A0D3}.Release|x86.ActiveCfg = Release|Any CPU
		{8FB7844C-2C03-432A-8CB3-841DE9C2783A}.Debug|Any CPU.ActiveCfg = Debug|Any CPU
		{8FB7844C-2C03-432A-8CB3-841DE9C2783A}.Debug|Any CPU.Build.0 = Debug|Any CPU
		{8FB7844C-2C03-432A-8CB3-841DE9C2783A}.Debug|x86.ActiveCfg = Debug|Any CPU
		{8FB7844C-2C03-432A-8CB3-841DE9C2783A}.Release|Any CPU.ActiveCfg = Release|Any CPU
		{8FB7844C-2C03-432A-8CB3-841DE9C2783A}.Release|Any CPU.Build.0 = Release|Any CPU
		{8FB7844C-2C03-432A-8CB3-841DE9C2783A}.Release|x86.ActiveCfg = Release|Any CPU
	EndGlobalSection
	GlobalSection(SolutionProperties) = preSolution
		HideSolutionNode = FALSE
	EndGlobalSection
	GlobalSection(NestedProjects) = preSolution
		{C8CBCA70-D3D8-4B02-85CA-BCAD42F5DE84} = {9F6C209F-BDEE-4C52-AFFA-D991895A7627}
		{9CB4D167-C38E-446F-A8AB-EA481BDD454A} = {9F6C209F-BDEE-4C52-AFFA-D991895A7627}
		{751DF757-2637-4212-AEE4-617521B7EE00} = {038E1475-2E69-4DC9-9ABD-E943ECD5E81D}
		{0D7DB653-C202-4564-9A23-7F4A351AC259} = {038E1475-2E69-4DC9-9ABD-E943ECD5E81D}
		{CAC22309-F8A1-4C16-91B9-2FD30BA057E4} = {038E1475-2E69-4DC9-9ABD-E943ECD5E81D}
		{B6851EBD-E13F-4822-B8E0-570F7DFBB641} = {038E1475-2E69-4DC9-9ABD-E943ECD5E81D}
		{D20391B9-D5BA-4A0E-9EC2-7C5563AB1357} = {038E1475-2E69-4DC9-9ABD-E943ECD5E81D}
		{247999BC-85DC-4DA1-BBD6-C4AB4067A0D3} = {038E1475-2E69-4DC9-9ABD-E943ECD5E81D}
		{8FB7844C-2C03-432A-8CB3-841DE9C2783A} = {038E1475-2E69-4DC9-9ABD-E943ECD5E81D}
	EndGlobalSection
EndGlobal
